
Microsoft Visual Studio Solution File, Format Version 12.00
# Visual Studio Version 17
VisualStudioVersion = 17.10.34928.147
MinimumVisualStudioVersion = 10.0.40219.1
Project("{FAE04EC0-301F-11D3-BF4B-00C04F79EFBC}") = "Proj03", "Proj03\Proj03.csproj", "{8AD61D42-8363-417B-B6D0-589F9A8AD80A}"
EndProject
Global
	GlobalSection(SolutionConfigurationPlatforms) = preSolution
		Debug|Any CPU = Debug|Any CPU
		Release|Any CPU = Release|Any CPU
	EndGlobalSection
	GlobalSection(ProjectConfigurationPlatforms) = postSolution
		{8AD61D42-8363-417B-B6D0-589F9A8AD80A}.Debug|Any CPU.ActiveCfg = Debug|Any CPU
		{8AD61D42-8363-417B-B6D0-589F9A8AD80A}.Debug|Any CPU.Build.0 = Debug|Any CPU
		{8AD61D42-8363-417B-B6D0-589F9A8AD80A}.Release|Any CPU.ActiveCfg = Release|Any CPU
		{8AD61D42-8363-417B-B6D0-589F9A8AD80A}.Release|Any CPU.Build.0 = Release|Any CPU
	EndGlobalSection
	GlobalSection(SolutionProperties) = preSolution
		HideSolutionNode = FALSE
	EndGlobalSection
	GlobalSection(ExtensibilityGlobals) = postSolution
		SolutionGuid = {59EDF699-9BF2-41F5-8953-438EF6101EAB}
	EndGlobalSection
EndGlobal
